
Microsoft Visual Studio Solution File, Format Version 12.00
# Visual Studio Version 17
VisualStudioVersion = 17.0.31903.59
MinimumVisualStudioVersion = 10.0.40219.1
Project("{9A19103F-16F7-4668-BE54-9A1E7A4F7556}") = "DennyFramework.Application", "src\DennyFramework.Application\DennyFramework.Application.csproj", "{909EAAA3-F483-4206-A027-F937ACDF9E5E}"
EndProject
Project("{9A19103F-16F7-4668-BE54-9A1E7A4F7556}") = "DennyFramework.Domain", "src\DennyFramework.Domain\DennyFramework.Domain.csproj", "{63C9E344-29AE-4014-97C7-5016CAF9125E}"
EndProject
Project("{9A19103F-16F7-4668-BE54-9A1E7A4F7556}") = "DennyFramework.Infrastructure", "src\DennyFramework.Infrastructure\DennyFramework.Infrastructure.csproj", "{92948443-52F4-4393-A1A8-65EB84C14F03}"
EndProject
Project("{9A19103F-16F7-4668-BE54-9A1E7A4F7556}") = "DennyFramework.Web", "src\DennyFramework.Web\DennyFramework.Web.csproj", "{0CAE1BF8-7D2B-43AC-999F-5100A26E8B70}"
EndProject
Project("{2150E333-8FDC-42A3-9474-1A3956D46DE8}") = "src", "src", "{6E590D18-72C4-49FF-837F-04A8E4617A8B}"
EndProject
Project("{2150E333-8FDC-42A3-9474-1A3956D46DE8}") = "tests", "tests", "{477A5E5B-FBD0-42B6-BD28-724973D08F13}"
EndProject
Project("{9A19103F-16F7-4668-BE54-9A1E7A4F7556}") = "DennyFramework.Application.Tests", "tests\DennyFramework.Application.Tests\DennyFramework.Application.Tests.csproj", "{D42589F7-A66C-449C-9A81-617A45B47850}"
EndProject
Global
	GlobalSection(SolutionConfigurationPlatforms) = preSolution
		Debug|Any CPU = Debug|Any CPU
		Release|Any CPU = Release|Any CPU
	EndGlobalSection
	GlobalSection(ProjectConfigurationPlatforms) = postSolution
		{909EAAA3-F483-4206-A027-F937ACDF9E5E}.Debug|Any CPU.ActiveCfg = Debug|Any CPU
		{909EAAA3-F483-4206-A027-F937ACDF9E5E}.Debug|Any CPU.Build.0 = Debug|Any CPU
		{909EAAA3-F483-4206-A027-F937ACDF9E5E}.Release|Any CPU.ActiveCfg = Release|Any CPU
		{909EAAA3-F483-4206-A027-F937ACDF9E5E}.Release|Any CPU.Build.0 = Release|Any CPU
		{63C9E344-29AE-4014-97C7-5016CAF9125E}.Debug|Any CPU.ActiveCfg = Debug|Any CPU
		{63C9E344-29AE-4014-97C7-5016CAF9125E}.Debug|Any CPU.Build.0 = Debug|Any CPU
		{63C9E344-29AE-4014-97C7-5016CAF9125E}.Release|Any CPU.ActiveCfg = Release|Any CPU
		{63C9E344-29AE-4014-97C7-5016CAF9125E}.Release|Any CPU.Build.0 = Release|Any CPU
		{92948443-52F4-4393-A1A8-65EB84C14F03}.Debug|Any CPU.ActiveCfg = Debug|Any CPU
		{92948443-52F4-4393-A1A8-65EB84C14F03}.Debug|Any CPU.Build.0 = Debug|Any CPU
		{92948443-52F4-4393-A1A8-65EB84C14F03}.Release|Any CPU.ActiveCfg = Release|Any CPU
		{92948443-52F4-4393-A1A8-65EB84C14F03}.Release|Any CPU.Build.0 = Release|Any CPU
		{0CAE1BF8-7D2B-43AC-999F-5100A26E8B70}.Debug|Any CPU.ActiveCfg = Debug|Any CPU
		{0CAE1BF8-7D2B-43AC-999F-5100A26E8B70}.Debug|Any CPU.Build.0 = Debug|Any CPU
		{0CAE1BF8-7D2B-43AC-999F-5100A26E8B70}.Release|Any CPU.ActiveCfg = Release|Any CPU
		{0CAE1BF8-7D2B-43AC-999F-5100A26E8B70}.Release|Any CPU.Build.0 = Release|Any CPU
		{D42589F7-A66C-449C-9A81-617A45B47850}.Debug|Any CPU.ActiveCfg = Debug|Any CPU
		{D42589F7-A66C-449C-9A81-617A45B47850}.Debug|Any CPU.Build.0 = Debug|Any CPU
		{D42589F7-A66C-449C-9A81-617A45B47850}.Release|Any CPU.ActiveCfg = Release|Any CPU
		{D42589F7-A66C-449C-9A81-617A45B47850}.Release|Any CPU.Build.0 = Release|Any CPU
	EndGlobalSection
	GlobalSection(SolutionProperties) = preSolution
		HideSolutionNode = FALSE
	EndGlobalSection
	GlobalSection(NestedProjects) = preSolution
		{909EAAA3-F483-4206-A027-F937ACDF9E5E} = {6E590D18-72C4-49FF-837F-04A8E4617A8B}
		{63C9E344-29AE-4014-97C7-5016CAF9125E} = {6E590D18-72C4-49FF-837F-04A8E4617A8B}
		{92948443-52F4-4393-A1A8-65EB84C14F03} = {6E590D18-72C4-49FF-837F-04A8E4617A8B}
		{0CAE1BF8-7D2B-43AC-999F-5100A26E8B70} = {6E590D18-72C4-49FF-837F-04A8E4617A8B}
		{D42589F7-A66C-449C-9A81-617A45B47850} = {477A5E5B-FBD0-42B6-BD28-724973D08F13}
	EndGlobalSection
EndGlobal
